{
  "originHash" : "76a863119c1dd88cfe09c92c690e1a62f755554d59a5d6873420971141062b6c",
  "pins" : [
    {
      "identity" : "bezetqit",
      "kind" : "remoteSourceControl",
      "location" : "https://github.com/danielprast/BezetQit.git",
      "state" : {
        "revision" : "87db1c02c64bc393b094abe7742c8aed5222b30f",
        "version" : "1.1.0"
      }
    }
  ],
  "version" : 3
}
